
Microsoft Visual Studio Solution File, Format Version 12.00
# Visual Studio Version 16
VisualStudioVersion = 16.0.31112.23
MinimumVisualStudioVersion = 10.0.40219.1
Project("{9A19103F-16F7-4668-BE54-9A1E7A4F7556}") = "WebApp", "WebApp\WebApp.csproj", "{656D125B-E034-4270-AA7F-124CD03FEB6C}"
EndProject
Project("{9A19103F-16F7-4668-BE54-9A1E7A4F7556}") = "Api", "Api\Api.csproj", "{0B7CF913-43D3-4AED-9A9C-672B20A96BDC}"
EndProject
Project("{9A19103F-16F7-4668-BE54-9A1E7A4F7556}") = "Models", "Models\Models.csproj", "{E220B38D-4ED7-4D9D-8842-8BB188B60763}"
EndProject
Global
	GlobalSection(SolutionConfigurationPlatforms) = preSolution
		Debug|Any CPU = Debug|Any CPU
		Release|Any CPU = Release|Any CPU
	EndGlobalSection
	GlobalSection(ProjectConfigurationPlatforms) = postSolution
		{656D125B-E034-4270-AA7F-124CD03FEB6C}.Debug|Any CPU.ActiveCfg = Debug|Any CPU
		{656D125B-E034-4270-AA7F-124CD03FEB6C}.Debug|Any CPU.Build.0 = Debug|Any CPU
		{656D125B-E034-4270-AA7F-124CD03FEB6C}.Release|Any CPU.ActiveCfg = Release|Any CPU
		{656D125B-E034-4270-AA7F-124CD03FEB6C}.Release|Any CPU.Build.0 = Release|Any CPU
		{0B7CF913-43D3-4AED-9A9C-672B20A96BDC}.Debug|Any CPU.ActiveCfg = Debug|Any CPU
		{0B7CF913-43D3-4AED-9A9C-672B20A96BDC}.Debug|Any CPU.Build.0 = Debug|Any CPU
		{0B7CF913-43D3-4AED-9A9C-672B20A96BDC}.Release|Any CPU.ActiveCfg = Release|Any CPU
		{0B7CF913-43D3-4AED-9A9C-672B20A96BDC}.Release|Any CPU.Build.0 = Release|Any CPU
		{E220B38D-4ED7-4D9D-8842-8BB188B60763}.Debug|Any CPU.ActiveCfg = Debug|Any CPU
		{E220B38D-4ED7-4D9D-8842-8BB188B60763}.Debug|Any CPU.Build.0 = Debug|Any CPU
		{E220B38D-4ED7-4D9D-8842-8BB188B60763}.Release|Any CPU.ActiveCfg = Release|Any CPU
		{E220B38D-4ED7-4D9D-8842-8BB188B60763}.Release|Any CPU.Build.0 = Release|Any CPU
	EndGlobalSection
	GlobalSection(SolutionProperties) = preSolution
		HideSolutionNode = FALSE
	EndGlobalSection
	GlobalSection(ExtensibilityGlobals) = postSolution
		SolutionGuid = {453FC7F0-0005-4239-844C-8A176A4156C5}
	EndGlobalSection
EndGlobal
